
Microsoft Visual Studio Solution File, Format Version 12.00
# Visual Studio Version 17
VisualStudioVersion = 17.7.34031.279
MinimumVisualStudioVersion = 10.0.40219.1
Project("{FAE04EC0-301F-11D3-BF4B-00C04F79EFBC}") = "PeselJakubCzaja", "PeselJakubCzaja\PeselJakubCzaja.csproj", "{EC1600AC-784D-4CF3-9D51-20AF87B126EF}"
EndProject
Global
	GlobalSection(SolutionConfigurationPlatforms) = preSolution
		Debug|Any CPU = Debug|Any CPU
		Release|Any CPU = Release|Any CPU
	EndGlobalSection
	GlobalSection(ProjectConfigurationPlatforms) = postSolution
		{EC1600AC-784D-4CF3-9D51-20AF87B126EF}.Debug|Any CPU.ActiveCfg = Debug|Any CPU
		{EC1600AC-784D-4CF3-9D51-20AF87B126EF}.Debug|Any CPU.Build.0 = Debug|Any CPU
		{EC1600AC-784D-4CF3-9D51-20AF87B126EF}.Release|Any CPU.ActiveCfg = Release|Any CPU
		{EC1600AC-784D-4CF3-9D51-20AF87B126EF}.Release|Any CPU.Build.0 = Release|Any CPU
	EndGlobalSection
	GlobalSection(SolutionProperties) = preSolution
		HideSolutionNode = FALSE
	EndGlobalSection
	GlobalSection(ExtensibilityGlobals) = postSolution
		SolutionGuid = {46B8728B-ADE8-4D68-A6AD-6A80CB8F3936}
	EndGlobalSection
EndGlobal
